
Microsoft Visual Studio Solution File, Format Version 12.00
# Visual Studio 15
VisualStudioVersion = 15.0.27703.2035
MinimumVisualStudioVersion = 10.0.40219.1
Project("{FAE04EC0-301F-11D3-BF4B-00C04F79EFBC}") = "FaceRec", "FaceRec\FaceRec.csproj", "{95C251E2-7CCE-44EF-B38B-402644C8DACD}"
EndProject
Project("{9A19103F-16F7-4668-BE54-9A1E7A4F7556}") = "DlibDotNet", "..\DlibDotNet\src\DlibDotNet\DlibDotNet.csproj", "{C1B4B8C5-8CF5-486D-856C-9B22FF77FF97}"
EndProject
Project("{FAE04EC0-301F-11D3-BF4B-00C04F79EFBC}") = "DlibDotNet.Extensions", "..\DlibDotNet\src\DlibDotNet.Extensions\DlibDotNet.Extensions.csproj", "{D3BFF103-53CB-46DC-A0E8-05A01E11099B}"
EndProject
Global
	GlobalSection(SolutionConfigurationPlatforms) = preSolution
		Debug|Any CPU = Debug|Any CPU
		Debug|x64 = Debug|x64
		Debug|x86 = Debug|x86
		DebugLinux|Any CPU = DebugLinux|Any CPU
		DebugLinux|x64 = DebugLinux|x64
		DebugLinux|x86 = DebugLinux|x86
		DebugMac|Any CPU = DebugMac|Any CPU
		DebugMac|x64 = DebugMac|x64
		DebugMac|x86 = DebugMac|x86
		MinSizeRel|Any CPU = MinSizeRel|Any CPU
		MinSizeRel|x64 = MinSizeRel|x64
		MinSizeRel|x86 = MinSizeRel|x86
		Release|Any CPU = Release|Any CPU
		Release|x64 = Release|x64
		Release|x86 = Release|x86
		ReleaseLinux|Any CPU = ReleaseLinux|Any CPU
		ReleaseLinux|x64 = ReleaseLinux|x64
		ReleaseLinux|x86 = ReleaseLinux|x86
		ReleaseMac|Any CPU = ReleaseMac|Any CPU
		ReleaseMac|x64 = ReleaseMac|x64
		ReleaseMac|x86 = ReleaseMac|x86
		RelWithDebInfo|Any CPU = RelWithDebInfo|Any CPU
		RelWithDebInfo|x64 = RelWithDebInfo|x64
		RelWithDebInfo|x86 = RelWithDebInfo|x86
	EndGlobalSection
	GlobalSection(ProjectConfigurationPlatforms) = postSolution
		{95C251E2-7CCE-44EF-B38B-402644C8DACD}.Debug|Any CPU.ActiveCfg = Debug|Any CPU
		{95C251E2-7CCE-44EF-B38B-402644C8DACD}.Debug|Any CPU.Build.0 = Debug|Any CPU
		{95C251E2-7CCE-44EF-B38B-402644C8DACD}.Debug|x64.ActiveCfg = Debug|Any CPU
		{95C251E2-7CCE-44EF-B38B-402644C8DACD}.Debug|x64.Build.0 = Debug|Any CPU
		{95C251E2-7CCE-44EF-B38B-402644C8DACD}.Debug|x86.ActiveCfg = Debug|Any CPU
		{95C251E2-7CCE-44EF-B38B-402644C8DACD}.Debug|x86.Build.0 = Debug|Any CPU
		{95C251E2-7CCE-44EF-B38B-402644C8DACD}.DebugLinux|Any CPU.ActiveCfg = Debug|Any CPU
		{95C251E2-7CCE-44EF-B38B-402644C8DACD}.DebugLinux|Any CPU.Build.0 = Debug|Any CPU
		{95C251E2-7CCE-44EF-B38B-402644C8DACD}.DebugLinux|x64.ActiveCfg = Debug|Any CPU
		{95C251E2-7CCE-44EF-B38B-402644C8DACD}.DebugLinux|x64.Build.0 = Debug|Any CPU
		{95C251E2-7CCE-44EF-B38B-402644C8DACD}.DebugLinux|x86.ActiveCfg = Debug|Any CPU
		{95C251E2-7CCE-44EF-B38B-402644C8DACD}.DebugLinux|x86.Build.0 = Debug|Any CPU
		{95C251E2-7CCE-44EF-B38B-402644C8DACD}.DebugMac|Any CPU.ActiveCfg = Debug|Any CPU
		{95C251E2-7CCE-44EF-B38B-402644C8DACD}.DebugMac|Any CPU.Build.0 = Debug|Any CPU
		{95C251E2-7CCE-44EF-B38B-402644C8DACD}.DebugMac|x64.ActiveCfg = Debug|Any CPU
		{95C251E2-7CCE-44EF-B38B-402644C8DACD}.DebugMac|x64.Build.0 = Debug|Any CPU
		{95C251E2-7CCE-44EF-B38B-402644C8DACD}.DebugMac|x86.ActiveCfg = Debug|Any CPU
		{95C251E2-7CCE-44EF-B38B-402644C8DACD}.DebugMac|x86.Build.0 = Debug|Any CPU
		{95C251E2-7CCE-44EF-B38B-402644C8DACD}.MinSizeRel|Any CPU.ActiveCfg = Release|Any CPU
		{95C251E2-7CCE-44EF-B38B-402644C8DACD}.MinSizeRel|Any CPU.Build.0 = Release|Any CPU
		{95C251E2-7CCE-44EF-B38B-402644C8DACD}.MinSizeRel|x64.ActiveCfg = Release|Any CPU
		{95C251E2-7CCE-44EF-B38B-402644C8DACD}.MinSizeRel|x64.Build.0 = Release|Any CPU
		{95C251E2-7CCE-44EF-B38B-402644C8DACD}.MinSizeRel|x86.ActiveCfg = Release|Any CPU
		{95C251E2-7CCE-44EF-B38B-402644C8DACD}.MinSizeRel|x86.Build.0 = Release|Any CPU
		{95C251E2-7CCE-44EF-B38B-402644C8DACD}.Release|Any CPU.ActiveCfg = Release|Any CPU
		{95C251E2-7CCE-44EF-B38B-402644C8DACD}.Release|Any CPU.Build.0 = Release|Any CPU
		{95C251E2-7CCE-44EF-B38B-402644C8DACD}.Release|x64.ActiveCfg = Release|Any CPU
		{95C251E2-7CCE-44EF-B38B-402644C8DACD}.Release|x64.Build.0 = Release|Any CPU
		{95C251E2-7CCE-44EF-B38B-402644C8DACD}.Release|x86.ActiveCfg = Release|Any CPU
		{95C251E2-7CCE-44EF-B38B-402644C8DACD}.Release|x86.Build.0 = Release|Any CPU
		{95C251E2-7CCE-44EF-B38B-402644C8DACD}.ReleaseLinux|Any CPU.ActiveCfg = Release|Any CPU
		{95C251E2-7CCE-44EF-B38B-402644C8DACD}.ReleaseLinux|Any CPU.Build.0 = Release|Any CPU
		{95C251E2-7CCE-44EF-B38B-402644C8DACD}.ReleaseLinux|x64.ActiveCfg = Release|Any CPU
		{95C251E2-7CCE-44EF-B38B-402644C8DACD}.ReleaseLinux|x64.Build.0 = Release|Any CPU
		{95C251E2-7CCE-44EF-B38B-402644C8DACD}.ReleaseLinux|x86.ActiveCfg = Release|Any CPU
		{95C251E2-7CCE-44EF-B38B-402644C8DACD}.ReleaseLinux|x86.Build.0 = Release|Any CPU
		{95C251E2-7CCE-44EF-B38B-402644C8DACD}.ReleaseMac|Any CPU.ActiveCfg = Release|Any CPU
		{95C251E2-7CCE-44EF-B38B-402644C8DACD}.ReleaseMac|Any CPU.Build.0 = Release|Any CPU
		{95C251E2-7CCE-44EF-B38B-402644C8DACD}.ReleaseMac|x64.ActiveCfg = Release|Any CPU
		{95C251E2-7CCE-44EF-B38B-402644C8DACD}.ReleaseMac|x64.Build.0 = Release|Any CPU
		{95C251E2-7CCE-44EF-B38B-402644C8DACD}.ReleaseMac|x86.ActiveCfg = Release|Any CPU
		{95C251E2-7CCE-44EF-B38B-402644C8DACD}.ReleaseMac|x86.Build.0 = Release|Any CPU
		{95C251E2-7CCE-44EF-B38B-402644C8DACD}.RelWithDebInfo|Any CPU.ActiveCfg = Release|Any CPU
		{95C251E2-7CCE-44EF-B38B-402644C8DACD}.RelWithDebInfo|Any CPU.Build.0 = Release|Any CPU
		{95C251E2-7CCE-44EF-B38B-402644C8DACD}.RelWithDebInfo|x64.ActiveCfg = Release|Any CPU
		{95C251E2-7CCE-44EF-B38B-402644C8DACD}.RelWithDebInfo|x64.Build.0 = Release|Any CPU
		{95C251E2-7CCE-44EF-B38B-402644C8DACD}.RelWithDebInfo|x86.ActiveCfg = Release|Any CPU
		{95C251E2-7CCE-44EF-B38B-402644C8DACD}.RelWithDebInfo|x86.Build.0 = Release|Any CPU
		{C1B4B8C5-8CF5-486D-856C-9B22FF77FF97}.Debug|Any CPU.ActiveCfg = Debug|Any CPU
		{C1B4B8C5-8CF5-486D-856C-9B22FF77FF97}.Debug|Any CPU.Build.0 = Debug|Any CPU
		{C1B4B8C5-8CF5-486D-856C-9B22FF77FF97}.Debug|x64.ActiveCfg = Debug|Any CPU
		{C1B4B8C5-8CF5-486D-856C-9B22FF77FF97}.Debug|x64.Build.0 = Debug|Any CPU
		{C1B4B8C5-8CF5-486D-856C-9B22FF77FF97}.Debug|x86.ActiveCfg = Debug|Any CPU
		{C1B4B8C5-8CF5-486D-856C-9B22FF77FF97}.Debug|x86.Build.0 = Debug|Any CPU
		{C1B4B8C5-8CF5-486D-856C-9B22FF77FF97}.DebugLinux|Any CPU.ActiveCfg = DebugLinux|Any CPU
		{C1B4B8C5-8CF5-486D-856C-9B22FF77FF97}.DebugLinux|Any CPU.Build.0 = DebugLinux|Any CPU
		{C1B4B8C5-8CF5-486D-856C-9B22FF77FF97}.DebugLinux|x64.ActiveCfg = DebugLinux|Any CPU
		{C1B4B8C5-8CF5-486D-856C-9B22FF77FF97}.DebugLinux|x64.Build.0 = DebugLinux|Any CPU
		{C1B4B8C5-8CF5-486D-856C-9B22FF77FF97}.DebugLinux|x86.ActiveCfg = DebugLinux|Any CPU
		{C1B4B8C5-8CF5-486D-856C-9B22FF77FF97}.DebugLinux|x86.Build.0 = DebugLinux|Any CPU
		{C1B4B8C5-8CF5-486D-856C-9B22FF77FF97}.DebugMac|Any CPU.ActiveCfg = DebugMac|Any CPU
		{C1B4B8C5-8CF5-486D-856C-9B22FF77FF97}.DebugMac|Any CPU.Build.0 = DebugMac|Any CPU
		{C1B4B8C5-8CF5-486D-856C-9B22FF77FF97}.DebugMac|x64.ActiveCfg = DebugMac|Any CPU
		{C1B4B8C5-8CF5-486D-856C-9B22FF77FF97}.DebugMac|x64.Build.0 = DebugMac|Any CPU
		{C1B4B8C5-8CF5-486D-856C-9B22FF77FF97}.DebugMac|x86.ActiveCfg = DebugMac|Any CPU
		{C1B4B8C5-8CF5-486D-856C-9B22FF77FF97}.DebugMac|x86.Build.0 = DebugMac|Any CPU
		{C1B4B8C5-8CF5-486D-856C-9B22FF77FF97}.MinSizeRel|Any CPU.ActiveCfg = ReleaseLinux|Any CPU
		{C1B4B8C5-8CF5-486D-856C-9B22FF77FF97}.MinSizeRel|Any CPU.Build.0 = ReleaseLinux|Any CPU
		{C1B4B8C5-8CF5-486D-856C-9B22FF77FF97}.MinSizeRel|x64.ActiveCfg = ReleaseLinux|Any CPU
		{C1B4B8C5-8CF5-486D-856C-9B22FF77FF97}.MinSizeRel|x64.Build.0 = ReleaseLinux|Any CPU
		{C1B4B8C5-8CF5-486D-856C-9B22FF77FF97}.MinSizeRel|x86.ActiveCfg = ReleaseMac|Any CPU
		{C1B4B8C5-8CF5-486D-856C-9B22FF77FF97}.MinSizeRel|x86.Build.0 = ReleaseMac|Any CPU
		{C1B4B8C5-8CF5-486D-856C-9B22FF77FF97}.Release|Any CPU.ActiveCfg = Release|Any CPU
		{C1B4B8C5-8CF5-486D-856C-9B22FF77FF97}.Release|Any CPU.Build.0 = Release|Any CPU
		{C1B4B8C5-8CF5-486D-856C-9B22FF77FF97}.Release|x64.ActiveCfg = Release|Any CPU
		{C1B4B8C5-8CF5-486D-856C-9B22FF77FF97}.Release|x64.Build.0 = Release|Any CPU
		{C1B4B8C5-8CF5-486D-856C-9B22FF77FF97}.Release|x86.ActiveCfg = Release|Any CPU
		{C1B4B8C5-8CF5-486D-856C-9B22FF77FF97}.Release|x86.Build.0 = Release|Any CPU
		{C1B4B8C5-8CF5-486D-856C-9B22FF77FF97}.ReleaseLinux|Any CPU.ActiveCfg = ReleaseLinux|Any CPU
		{C1B4B8C5-8CF5-486D-856C-9B22FF77FF97}.ReleaseLinux|Any CPU.Build.0 = ReleaseLinux|Any CPU
		{C1B4B8C5-8CF5-486D-856C-9B22FF77FF97}.ReleaseLinux|x64.ActiveCfg = ReleaseLinux|Any CPU
		{C1B4B8C5-8CF5-486D-856C-9B22FF77FF97}.ReleaseLinux|x64.Build.0 = ReleaseLinux|Any CPU
		{C1B4B8C5-8CF5-486D-856C-9B22FF77FF97}.ReleaseLinux|x86.ActiveCfg = ReleaseLinux|Any CPU
		{C1B4B8C5-8CF5-486D-856C-9B22FF77FF97}.ReleaseLinux|x86.Build.0 = ReleaseLinux|Any CPU
		{C1B4B8C5-8CF5-486D-856C-9B22FF77FF97}.ReleaseMac|Any CPU.ActiveCfg = ReleaseMac|Any CPU
		{C1B4B8C5-8CF5-486D-856C-9B22FF77FF97}.ReleaseMac|Any CPU.Build.0 = ReleaseMac|Any CPU
		{C1B4B8C5-8CF5-486D-856C-9B22FF77FF97}.ReleaseMac|x64.ActiveCfg = ReleaseMac|Any CPU
		{C1B4B8C5-8CF5-486D-856C-9B22FF77FF97}.ReleaseMac|x64.Build.0 = ReleaseMac|Any CPU
		{C1B4B8C5-8CF5-486D-856C-9B22FF77FF97}.ReleaseMac|x86.ActiveCfg = ReleaseMac|Any CPU
		{C1B4B8C5-8CF5-486D-856C-9B22FF77FF97}.ReleaseMac|x86.Build.0 = ReleaseMac|Any CPU
		{C1B4B8C5-8CF5-486D-856C-9B22FF77FF97}.RelWithDebInfo|Any CPU.ActiveCfg = ReleaseLinux|Any CPU
		{C1B4B8C5-8CF5-486D-856C-9B22FF77FF97}.RelWithDebInfo|Any CPU.Build.0 = ReleaseLinux|Any CPU
		{C1B4B8C5-8CF5-486D-856C-9B22FF77FF97}.RelWithDebInfo|x64.ActiveCfg = ReleaseLinux|Any CPU
		{C1B4B8C5-8CF5-486D-856C-9B22FF77FF97}.RelWithDebInfo|x64.Build.0 = ReleaseLinux|Any CPU
		{C1B4B8C5-8CF5-486D-856C-9B22FF77FF97}.RelWithDebInfo|x86.ActiveCfg = ReleaseMac|Any CPU
		{C1B4B8C5-8CF5-486D-856C-9B22FF77FF97}.RelWithDebInfo|x86.Build.0 = ReleaseMac|Any CPU
		{D3BFF103-53CB-46DC-A0E8-05A01E11099B}.Debug|Any CPU.ActiveCfg = Debug|Any CPU
		{D3BFF103-53CB-46DC-A0E8-05A01E11099B}.Debug|Any CPU.Build.0 = Debug|Any CPU
		{D3BFF103-53CB-46DC-A0E8-05A01E11099B}.Debug|x64.ActiveCfg = Debug|Any CPU
		{D3BFF103-53CB-46DC-A0E8-05A01E11099B}.Debug|x64.Build.0 = Debug|Any CPU
		{D3BFF103-53CB-46DC-A0E8-05A01E11099B}.Debug|x86.ActiveCfg = Debug|Any CPU
		{D3BFF103-53CB-46DC-A0E8-05A01E11099B}.Debug|x86.Build.0 = Debug|Any CPU
		{D3BFF103-53CB-46DC-A0E8-05A01E11099B}.DebugLinux|Any CPU.ActiveCfg = DebugMac|Any CPU
		{D3BFF103-53CB-46DC-A0E8-05A01E11099B}.DebugLinux|Any CPU.Build.0 = DebugMac|Any CPU
		{D3BFF103-53CB-46DC-A0E8-05A01E11099B}.DebugLinux|x64.ActiveCfg = DebugMac|Any CPU
		{D3BFF103-53CB-46DC-A0E8-05A01E11099B}.DebugLinux|x64.Build.0 = DebugMac|Any CPU
		{D3BFF103-53CB-46DC-A0E8-05A01E11099B}.DebugLinux|x86.ActiveCfg = DebugMac|Any CPU
		{D3BFF103-53CB-46DC-A0E8-05A01E11099B}.DebugLinux|x86.Build.0 = DebugMac|Any CPU
		{D3BFF103-53CB-46DC-A0E8-05A01E11099B}.DebugMac|Any CPU.ActiveCfg = DebugMac|Any CPU
		{D3BFF103-53CB-46DC-A0E8-05A01E11099B}.DebugMac|Any CPU.Build.0 = DebugMac|Any CPU
		{D3BFF103-53CB-46DC-A0E8-05A01E11099B}.DebugMac|x64.ActiveCfg = DebugMac|Any CPU
		{D3BFF103-53CB-46DC-A0E8-05A01E11099B}.DebugMac|x64.Build.0 = DebugMac|Any CPU
		{D3BFF103-53CB-46DC-A0E8-05A01E11099B}.DebugMac|x86.ActiveCfg = DebugMac|Any CPU
		{D3BFF103-53CB-46DC-A0E8-05A01E11099B}.DebugMac|x86.Build.0 = DebugMac|Any CPU
		{D3BFF103-53CB-46DC-A0E8-05A01E11099B}.MinSizeRel|Any CPU.ActiveCfg = ReleaseMac|Any CPU
		{D3BFF103-53CB-46DC-A0E8-05A01E11099B}.MinSizeRel|Any CPU.Build.0 = ReleaseMac|Any CPU
		{D3BFF103-53CB-46DC-A0E8-05A01E11099B}.MinSizeRel|x64.ActiveCfg = ReleaseMac|Any CPU
		{D3BFF103-53CB-46DC-A0E8-05A01E11099B}.MinSizeRel|x64.Build.0 = ReleaseMac|Any CPU
		{D3BFF103-53CB-46DC-A0E8-05A01E11099B}.MinSizeRel|x86.ActiveCfg = Release|Any CPU
		{D3BFF103-53CB-46DC-A0E8-05A01E11099B}.MinSizeRel|x86.Build.0 = Release|Any CPU
		{D3BFF103-53CB-46DC-A0E8-05A01E11099B}.Release|Any CPU.ActiveCfg = Release|Any CPU
		{D3BFF103-53CB-46DC-A0E8-05A01E11099B}.Release|Any CPU.Build.0 = Release|Any CPU
		{D3BFF103-53CB-46DC-A0E8-05A01E11099B}.Release|x64.ActiveCfg = Release|Any CPU
		{D3BFF103-53CB-46DC-A0E8-05A01E11099B}.Release|x64.Build.0 = Release|Any CPU
		{D3BFF103-53CB-46DC-A0E8-05A01E11099B}.Release|x86.ActiveCfg = Release|Any CPU
		{D3BFF103-53CB-46DC-A0E8-05A01E11099B}.Release|x86.Build.0 = Release|Any CPU
		{D3BFF103-53CB-46DC-A0E8-05A01E11099B}.ReleaseLinux|Any CPU.ActiveCfg = ReleaseMac|Any CPU
		{D3BFF103-53CB-46DC-A0E8-05A01E11099B}.ReleaseLinux|Any CPU.Build.0 = ReleaseMac|Any CPU
		{D3BFF103-53CB-46DC-A0E8-05A01E11099B}.ReleaseLinux|x64.ActiveCfg = ReleaseMac|Any CPU
		{D3BFF103-53CB-46DC-A0E8-05A01E11099B}.ReleaseLinux|x64.Build.0 = ReleaseMac|Any CPU
		{D3BFF103-53CB-46DC-A0E8-05A01E11099B}.ReleaseLinux|x86.ActiveCfg = Release|Any CPU
		{D3BFF103-53CB-46DC-A0E8-05A01E11099B}.ReleaseLinux|x86.Build.0 = Release|Any CPU
		{D3BFF103-53CB-46DC-A0E8-05A01E11099B}.ReleaseMac|Any CPU.ActiveCfg = ReleaseMac|Any CPU
		{D3BFF103-53CB-46DC-A0E8-05A01E11099B}.ReleaseMac|Any CPU.Build.0 = ReleaseMac|Any CPU
		{D3BFF103-53CB-46DC-A0E8-05A01E11099B}.ReleaseMac|x64.ActiveCfg = ReleaseMac|Any CPU
		{D3BFF103-53CB-46DC-A0E8-05A01E11099B}.ReleaseMac|x64.Build.0 = ReleaseMac|Any CPU
		{D3BFF103-53CB-46DC-A0E8-05A01E11099B}.ReleaseMac|x86.ActiveCfg = ReleaseMac|Any CPU
		{D3BFF103-53CB-46DC-A0E8-05A01E11099B}.ReleaseMac|x86.Build.0 = ReleaseMac|Any CPU
		{D3BFF103-53CB-46DC-A0E8-05A01E11099B}.RelWithDebInfo|Any CPU.ActiveCfg = ReleaseMac|Any CPU
		{D3BFF103-53CB-46DC-A0E8-05A01E11099B}.RelWithDebInfo|Any CPU.Build.0 = ReleaseMac|Any CPU
		{D3BFF103-53CB-46DC-A0E8-05A01E11099B}.RelWithDebInfo|x64.ActiveCfg = ReleaseMac|Any CPU
		{D3BFF103-53CB-46DC-A0E8-05A01E11099B}.RelWithDebInfo|x64.Build.0 = ReleaseMac|Any CPU
		{D3BFF103-53CB-46DC-A0E8-05A01E11099B}.RelWithDebInfo|x86.ActiveCfg = Release|Any CPU
		{D3BFF103-53CB-46DC-A0E8-05A01E11099B}.RelWithDebInfo|x86.Build.0 = Release|Any CPU
	EndGlobalSection
	GlobalSection(SolutionProperties) = preSolution
		HideSolutionNode = FALSE
	EndGlobalSection
	GlobalSection(ExtensibilityGlobals) = postSolution
		SolutionGuid = {4FBBD7CB-5656-46F1-902A-F01E2EDAC1E3}
	EndGlobalSection
EndGlobal
